
Microsoft Visual Studio Solution File, Format Version 12.00
# Visual Studio Version 17
VisualStudioVersion = 17.11.35219.272
MinimumVisualStudioVersion = 10.0.40219.1
Project("{FAE04EC0-301F-11D3-BF4B-00C04F79EFBC}") = "ApiConnectionTest", "ApiConnectionTest\ApiConnectionTest\ApiConnectionTest.csproj", "{B9DEFC76-D104-4C20-BD41-A02B1584E1C4}"
EndProject
Project("{FAE04EC0-301F-11D3-BF4B-00C04F79EFBC}") = "ApiConnectionTest.Client", "ApiConnectionTest\ApiConnectionTest.Client\ApiConnectionTest.Client.csproj", "{22F33084-6AAF-4B52-A29E-B1E65EEC3AE8}"
EndProject
Global
	GlobalSection(SolutionConfigurationPlatforms) = preSolution
		Debug|Any CPU = Debug|Any CPU
		Release|Any CPU = Release|Any CPU
	EndGlobalSection
	GlobalSection(ProjectConfigurationPlatforms) = postSolution
		{B9DEFC76-D104-4C20-BD41-A02B1584E1C4}.Debug|Any CPU.ActiveCfg = Debug|Any CPU
		{B9DEFC76-D104-4C20-BD41-A02B1584E1C4}.Debug|Any CPU.Build.0 = Debug|Any CPU
		{B9DEFC76-D104-4C20-BD41-A02B1584E1C4}.Release|Any CPU.ActiveCfg = Release|Any CPU
		{B9DEFC76-D104-4C20-BD41-A02B1584E1C4}.Release|Any CPU.Build.0 = Release|Any CPU
		{22F33084-6AAF-4B52-A29E-B1E65EEC3AE8}.Debug|Any CPU.ActiveCfg = Debug|Any CPU
		{22F33084-6AAF-4B52-A29E-B1E65EEC3AE8}.Debug|Any CPU.Build.0 = Debug|Any CPU
		{22F33084-6AAF-4B52-A29E-B1E65EEC3AE8}.Release|Any CPU.ActiveCfg = Release|Any CPU
		{22F33084-6AAF-4B52-A29E-B1E65EEC3AE8}.Release|Any CPU.Build.0 = Release|Any CPU
	EndGlobalSection
	GlobalSection(SolutionProperties) = preSolution
		HideSolutionNode = FALSE
	EndGlobalSection
	GlobalSection(ExtensibilityGlobals) = postSolution
		SolutionGuid = {78939C30-9C25-4BD6-9266-946D92A1D784}
	EndGlobalSection
EndGlobal
